
Microsoft Visual Studio Solution File, Format Version 12.00
# Visual Studio Version 17
VisualStudioVersion = 17.13.35913.81 d17.13
MinimumVisualStudioVersion = 10.0.40219.1
Project("{FAE04EC0-301F-11D3-BF4B-00C04F79EFBC}") = "Calculatrice Scientifique", "Calculatrice Scientifique\Calculatrice Scientifique.csproj", "{BA1634AF-2987-4A31-A3B3-8345DA5CA814}"
EndProject
Global
	GlobalSection(SolutionConfigurationPlatforms) = preSolution
		Debug|Any CPU = Debug|Any CPU
		Release|Any CPU = Release|Any CPU
	EndGlobalSection
	GlobalSection(ProjectConfigurationPlatforms) = postSolution
		{BA1634AF-2987-4A31-A3B3-8345DA5CA814}.Debug|Any CPU.ActiveCfg = Debug|Any CPU
		{BA1634AF-2987-4A31-A3B3-8345DA5CA814}.Debug|Any CPU.Build.0 = Debug|Any CPU
		{BA1634AF-2987-4A31-A3B3-8345DA5CA814}.Release|Any CPU.ActiveCfg = Release|Any CPU
		{BA1634AF-2987-4A31-A3B3-8345DA5CA814}.Release|Any CPU.Build.0 = Release|Any CPU
	EndGlobalSection
	GlobalSection(SolutionProperties) = preSolution
		HideSolutionNode = FALSE
	EndGlobalSection
	GlobalSection(ExtensibilityGlobals) = postSolution
		SolutionGuid = {DADC7DB6-A85D-4A5B-B23E-7FB7BEDF4A4A}
	EndGlobalSection
EndGlobal
